
Microsoft Visual Studio Solution File, Format Version 12.00
# Visual Studio Version 17
VisualStudioVersion = 17.11.35312.102
MinimumVisualStudioVersion = 10.0.40219.1
Project("{2150E333-8FDC-42A3-9474-1A3956D46DE8}") = "Task0", "Task0", "{E5674E95-B81C-4BA1-9C37-B77D3881EE54}"
EndProject
Project("{9A19103F-16F7-4668-BE54-9A1E7A4F7556}") = "Tyuiu.NovikovDS.Sprint6.Task0.V1.Lib", "Tyuiu.NovikovDS.Sprint6.Task0.V1.Lib\Tyuiu.NovikovDS.Sprint6.Task0.V1.Lib.csproj", "{3280D2B1-E718-4BA2-A214-B34233435F8F}"
EndProject
Project("{9A19103F-16F7-4668-BE54-9A1E7A4F7556}") = "Tyuiu.NovikovDS.Sprint6.Task0.V1.Test", "Tyuiu.NovikovDS.Sprint6.Task0.V1.Test\Tyuiu.NovikovDS.Sprint6.Task0.V1.Test.csproj", "{92075DC9-6EF1-4548-9A67-4594257520DE}"
EndProject
Project("{9A19103F-16F7-4668-BE54-9A1E7A4F7556}") = "Tyuiu.NovikovDS.Sprint6.Task0.V1", "Tyuiu.NovikovDS.Sprint6.Task0.V1\Tyuiu.NovikovDS.Sprint6.Task0.V1.csproj", "{5A477C76-4CB3-4072-99CD-1689B10EB65B}"
EndProject
Project("{2150E333-8FDC-42A3-9474-1A3956D46DE8}") = "Task1", "Task1", "{758302C5-0C27-46FD-8EE3-C73836E586DD}"
EndProject
Project("{9A19103F-16F7-4668-BE54-9A1E7A4F7556}") = "Tyuiu.NovikovDS.Sprint6.Task1.V18", "Tyuiu.NovikovDS.Sprint6.Task1.V18\Tyuiu.NovikovDS.Sprint6.Task1.V18.csproj", "{F66BD6A6-D61D-4C8C-82D4-C4792D28D80F}"
EndProject
Project("{9A19103F-16F7-4668-BE54-9A1E7A4F7556}") = "Tyuiu.NovikovDS.Sprint6.Task1.V18.Lib", "Tyuiu.NovikovDS.Sprint6.Task1.V18.Lib\Tyuiu.NovikovDS.Sprint6.Task1.V18.Lib.csproj", "{8B7B419C-E92C-48A8-9D4E-6D802842DFED}"
EndProject
Project("{9A19103F-16F7-4668-BE54-9A1E7A4F7556}") = "Tyuiu.NovikovDS.Sprint6.Task1.V18.Test", "Tyuiu.NovikovDS.Sprint6.Task1.V18.Test\Tyuiu.NovikovDS.Sprint6.Task1.V18.Test.csproj", "{17EFA345-3B74-4026-AB59-94EB130640F5}"
EndProject
Project("{2150E333-8FDC-42A3-9474-1A3956D46DE8}") = "Task2", "Task2", "{B364FD2A-2283-497C-82A0-DA0F37CDACE9}"
EndProject
Project("{FAE04EC0-301F-11D3-BF4B-00C04F79EFBC}") = "Tyuiu.NovikovDS.Sprint6.Task2.V20", "Tyuiu.NovikovDS.Sprint6.Task2.V20\Tyuiu.NovikovDS.Sprint6.Task2.V20.csproj", "{D5D2AF8A-0C57-4373-B1CE-494119B6ECB8}"
EndProject
Project("{FAE04EC0-301F-11D3-BF4B-00C04F79EFBC}") = "Tyuiu.NovikovDS.Sprint6.Task2.V20.Lib", "Tyuiu.NovikovDS.Sprint6.Task2.V20.Lib\Tyuiu.NovikovDS.Sprint6.Task2.V20.Lib.csproj", "{6243FBC5-5FD1-47B1-9E4C-A5631683F20B}"
EndProject
Project("{FAE04EC0-301F-11D3-BF4B-00C04F79EFBC}") = "Tyuiu.NovikovDS.Sprint6.Task2.V20.Test", "Tyuiu.NovikovDS.Sprint6.Task2.V20.Test\Tyuiu.NovikovDS.Sprint6.Task2.V20.Test.csproj", "{5BFD466D-38F5-424F-B295-87501109750C}"
EndProject
Global
	GlobalSection(SolutionConfigurationPlatforms) = preSolution
		Debug|Any CPU = Debug|Any CPU
		Release|Any CPU = Release|Any CPU
	EndGlobalSection
	GlobalSection(ProjectConfigurationPlatforms) = postSolution
		{3280D2B1-E718-4BA2-A214-B34233435F8F}.Debug|Any CPU.ActiveCfg = Debug|Any CPU
		{3280D2B1-E718-4BA2-A214-B34233435F8F}.Debug|Any CPU.Build.0 = Debug|Any CPU
		{3280D2B1-E718-4BA2-A214-B34233435F8F}.Release|Any CPU.ActiveCfg = Release|Any CPU
		{3280D2B1-E718-4BA2-A214-B34233435F8F}.Release|Any CPU.Build.0 = Release|Any CPU
		{92075DC9-6EF1-4548-9A67-4594257520DE}.Debug|Any CPU.ActiveCfg = Debug|Any CPU
		{92075DC9-6EF1-4548-9A67-4594257520DE}.Debug|Any CPU.Build.0 = Debug|Any CPU
		{92075DC9-6EF1-4548-9A67-4594257520DE}.Release|Any CPU.ActiveCfg = Release|Any CPU
		{92075DC9-6EF1-4548-9A67-4594257520DE}.Release|Any CPU.Build.0 = Release|Any CPU
		{5A477C76-4CB3-4072-99CD-1689B10EB65B}.Debug|Any CPU.ActiveCfg = Debug|Any CPU
		{5A477C76-4CB3-4072-99CD-1689B10EB65B}.Debug|Any CPU.Build.0 = Debug|Any CPU
		{5A477C76-4CB3-4072-99CD-1689B10EB65B}.Release|Any CPU.ActiveCfg = Release|Any CPU
		{5A477C76-4CB3-4072-99CD-1689B10EB65B}.Release|Any CPU.Build.0 = Release|Any CPU
		{F66BD6A6-D61D-4C8C-82D4-C4792D28D80F}.Debug|Any CPU.ActiveCfg = Debug|Any CPU
		{F66BD6A6-D61D-4C8C-82D4-C4792D28D80F}.Debug|Any CPU.Build.0 = Debug|Any CPU
		{F66BD6A6-D61D-4C8C-82D4-C4792D28D80F}.Release|Any CPU.ActiveCfg = Release|Any CPU
		{F66BD6A6-D61D-4C8C-82D4-C4792D28D80F}.Release|Any CPU.Build.0 = Release|Any CPU
		{8B7B419C-E92C-48A8-9D4E-6D802842DFED}.Debug|Any CPU.ActiveCfg = Debug|Any CPU
		{8B7B419C-E92C-48A8-9D4E-6D802842DFED}.Debug|Any CPU.Build.0 = Debug|Any CPU
		{8B7B419C-E92C-48A8-9D4E-6D802842DFED}.Release|Any CPU.ActiveCfg = Release|Any CPU
		{8B7B419C-E92C-48A8-9D4E-6D802842DFED}.Release|Any CPU.Build.0 = Release|Any CPU
		{17EFA345-3B74-4026-AB59-94EB130640F5}.Debug|Any CPU.ActiveCfg = Debug|Any CPU
		{17EFA345-3B74-4026-AB59-94EB130640F5}.Debug|Any CPU.Build.0 = Debug|Any CPU
		{17EFA345-3B74-4026-AB59-94EB130640F5}.Release|Any CPU.ActiveCfg = Release|Any CPU
		{17EFA345-3B74-4026-AB59-94EB130640F5}.Release|Any CPU.Build.0 = Release|Any CPU
		{D5D2AF8A-0C57-4373-B1CE-494119B6ECB8}.Debug|Any CPU.ActiveCfg = Debug|Any CPU
		{D5D2AF8A-0C57-4373-B1CE-494119B6ECB8}.Debug|Any CPU.Build.0 = Debug|Any CPU
		{D5D2AF8A-0C57-4373-B1CE-494119B6ECB8}.Release|Any CPU.ActiveCfg = Release|Any CPU
		{D5D2AF8A-0C57-4373-B1CE-494119B6ECB8}.Release|Any CPU.Build.0 = Release|Any CPU
		{6243FBC5-5FD1-47B1-9E4C-A5631683F20B}.Debug|Any CPU.ActiveCfg = Debug|Any CPU
		{6243FBC5-5FD1-47B1-9E4C-A5631683F20B}.Debug|Any CPU.Build.0 = Debug|Any CPU
		{6243FBC5-5FD1-47B1-9E4C-A5631683F20B}.Release|Any CPU.ActiveCfg = Release|Any CPU
		{6243FBC5-5FD1-47B1-9E4C-A5631683F20B}.Release|Any CPU.Build.0 = Release|Any CPU
		{5BFD466D-38F5-424F-B295-87501109750C}.Debug|Any CPU.ActiveCfg = Debug|Any CPU
		{5BFD466D-38F5-424F-B295-87501109750C}.Debug|Any CPU.Build.0 = Debug|Any CPU
		{5BFD466D-38F5-424F-B295-87501109750C}.Release|Any CPU.ActiveCfg = Release|Any CPU
		{5BFD466D-38F5-424F-B295-87501109750C}.Release|Any CPU.Build.0 = Release|Any CPU
	EndGlobalSection
	GlobalSection(SolutionProperties) = preSolution
		HideSolutionNode = FALSE
	EndGlobalSection
	GlobalSection(NestedProjects) = preSolution
		{3280D2B1-E718-4BA2-A214-B34233435F8F} = {E5674E95-B81C-4BA1-9C37-B77D3881EE54}
		{92075DC9-6EF1-4548-9A67-4594257520DE} = {E5674E95-B81C-4BA1-9C37-B77D3881EE54}
		{5A477C76-4CB3-4072-99CD-1689B10EB65B} = {E5674E95-B81C-4BA1-9C37-B77D3881EE54}
		{F66BD6A6-D61D-4C8C-82D4-C4792D28D80F} = {758302C5-0C27-46FD-8EE3-C73836E586DD}
		{8B7B419C-E92C-48A8-9D4E-6D802842DFED} = {758302C5-0C27-46FD-8EE3-C73836E586DD}
		{17EFA345-3B74-4026-AB59-94EB130640F5} = {758302C5-0C27-46FD-8EE3-C73836E586DD}
		{D5D2AF8A-0C57-4373-B1CE-494119B6ECB8} = {B364FD2A-2283-497C-82A0-DA0F37CDACE9}
		{6243FBC5-5FD1-47B1-9E4C-A5631683F20B} = {B364FD2A-2283-497C-82A0-DA0F37CDACE9}
		{5BFD466D-38F5-424F-B295-87501109750C} = {B364FD2A-2283-497C-82A0-DA0F37CDACE9}
	EndGlobalSection
	GlobalSection(ExtensibilityGlobals) = postSolution
		SolutionGuid = {AC0C3E00-305C-42F0-9122-B336A12B980A}
	EndGlobalSection
EndGlobal
